
Microsoft Visual Studio Solution File, Format Version 12.00
# Visual Studio Version 16
VisualStudioVersion = 16.0.30011.22
MinimumVisualStudioVersion = 10.0.40219.1
Project("{FAE04EC0-301F-11D3-BF4B-00C04F79EFBC}") = "ShippingQuote", "ShippingQuote.csproj", "{43AB22CD-4888-4B22-A223-6DE96D4D6EA4}"
EndProject
Global
	GlobalSection(SolutionConfigurationPlatforms) = preSolution
		Debug|Any CPU = Debug|Any CPU
		Release|Any CPU = Release|Any CPU
	EndGlobalSection
	GlobalSection(ProjectConfigurationPlatforms) = postSolution
		{43AB22CD-4888-4B22-A223-6DE96D4D6EA4}.Debug|Any CPU.ActiveCfg = Debug|Any CPU
		{43AB22CD-4888-4B22-A223-6DE96D4D6EA4}.Debug|Any CPU.Build.0 = Debug|Any CPU
		{43AB22CD-4888-4B22-A223-6DE96D4D6EA4}.Release|Any CPU.ActiveCfg = Release|Any CPU
		{43AB22CD-4888-4B22-A223-6DE96D4D6EA4}.Release|Any CPU.Build.0 = Release|Any CPU
	EndGlobalSection
	GlobalSection(SolutionProperties) = preSolution
		HideSolutionNode = FALSE
	EndGlobalSection
	GlobalSection(ExtensibilityGlobals) = postSolution
		SolutionGuid = {CF448FB8-A6D5-4D67-BF52-9F39B3E73B97}
	EndGlobalSection
EndGlobal
