
Microsoft Visual Studio Solution File, Format Version 12.00
# Visual Studio Version 16
VisualStudioVersion = 16.0.30011.22
MinimumVisualStudioVersion = 10.0.40219.1
Project("{FAE04EC0-301F-11D3-BF4B-00C04F79EFBC}") = "Struct", "Struct.csproj", "{2822ACC4-60D1-42C3-8C8A-816EFE041904}"
EndProject
Global
	GlobalSection(SolutionConfigurationPlatforms) = preSolution
		Debug|Any CPU = Debug|Any CPU
		Release|Any CPU = Release|Any CPU
	EndGlobalSection
	GlobalSection(ProjectConfigurationPlatforms) = postSolution
		{2822ACC4-60D1-42C3-8C8A-816EFE041904}.Debug|Any CPU.ActiveCfg = Debug|Any CPU
		{2822ACC4-60D1-42C3-8C8A-816EFE041904}.Debug|Any CPU.Build.0 = Debug|Any CPU
		{2822ACC4-60D1-42C3-8C8A-816EFE041904}.Release|Any CPU.ActiveCfg = Release|Any CPU
		{2822ACC4-60D1-42C3-8C8A-816EFE041904}.Release|Any CPU.Build.0 = Release|Any CPU
	EndGlobalSection
	GlobalSection(SolutionProperties) = preSolution
		HideSolutionNode = FALSE
	EndGlobalSection
	GlobalSection(ExtensibilityGlobals) = postSolution
		SolutionGuid = {06F74A4E-DDBC-45F5-B7B5-F6BA2458A6F5}
	EndGlobalSection
EndGlobal
