
Microsoft Visual Studio Solution File, Format Version 12.00
# Visual Studio Version 16
VisualStudioVersion = 16.0.30011.22
MinimumVisualStudioVersion = 10.0.40219.1
Project("{FAE04EC0-301F-11D3-BF4B-00C04F79EFBC}") = "ArrayAndLists", "ArrayAndLists.csproj", "{50BE89C9-1CAC-4835-A2A9-5891F409E92A}"
EndProject
Global
	GlobalSection(SolutionConfigurationPlatforms) = preSolution
		Debug|Any CPU = Debug|Any CPU
		Release|Any CPU = Release|Any CPU
	EndGlobalSection
	GlobalSection(ProjectConfigurationPlatforms) = postSolution
		{50BE89C9-1CAC-4835-A2A9-5891F409E92A}.Debug|Any CPU.ActiveCfg = Debug|Any CPU
		{50BE89C9-1CAC-4835-A2A9-5891F409E92A}.Debug|Any CPU.Build.0 = Debug|Any CPU
		{50BE89C9-1CAC-4835-A2A9-5891F409E92A}.Release|Any CPU.ActiveCfg = Release|Any CPU
		{50BE89C9-1CAC-4835-A2A9-5891F409E92A}.Release|Any CPU.Build.0 = Release|Any CPU
	EndGlobalSection
	GlobalSection(SolutionProperties) = preSolution
		HideSolutionNode = FALSE
	EndGlobalSection
	GlobalSection(ExtensibilityGlobals) = postSolution
		SolutionGuid = {EF6B69F9-822F-4C6D-A097-DB3D9274D967}
	EndGlobalSection
EndGlobal
